# THIS IS AN AUTOGENERATED FILE. DO NOT EDIT THIS FILE DIRECTLY.
# yarn lockfile v1


"@babel/helper-string-parser@^7.29.7":
  version "7.29.7"
  resolved "https://registry.npmmirror.com/@babel/helper-string-parser/-/helper-string-parser-7.29.7.tgz#7f0871d99824d23137d60f86fcf6130fd5a1b51f"
  integrity sha512-Pb5ijPrZ89GDH8223L4UP8i6QApWxs04RbPQJTeWDV0/keR2E36MeKnyr6LYmUUvqRRI+Iv87SuF1W6ErINzYw==

"@babel/helper-validator-identifier@^7.29.7":
  version "7.29.7"
  resolved "https://registry.npmmirror.com/@babel/helper-validator-identifier/-/helper-validator-identifier-7.29.7.tgz#bd87084ced0c796ec46bda492de6e83d29e89fc2"
  integrity sha512-qehxGkRj55h/ff8EMaJ+cYhyaKlHIxqYDn682wQD7RNp9UujOQsHog2uS0r2vzr4pW+sXf90NeeayjcNaX3fFg==

"@babel/parser@^7.29.8":
  version "7.29.8"
  resolved "https://registry.npmmirror.com/@babel/parser/-/parser-7.29.8.tgz#9653716a2f10c677b98fbc63d4bfb000c302cf17"
  integrity sha512-E8lTAYNB1KW+FH+VGJuZM1ioAx2E6oVlvQFRrf5P8ZZmsiJXYAD9vTFV7yyEURNzgh1dFqMZuO6tUwcARbqFCA==
  dependencies:
    "@babel/types" "^7.29.8"

"@babel/types@^7.29.8":
  version "7.29.8"
  resolved "https://registry.npmmirror.com/@babel/types/-/types-7.29.8.tgz#1229eef31d85156d70fa3f4cd859376d0eaf6863"
  integrity sha512-Vj1jF3cPfxg7OAfoI7QnVKLoILlm2JF9pnVHrX8qx7AHMiYWT+NDAA7jChlNgRS4WTLc/fD1lXLmPixluj+3Gg==
  dependencies:
    "@babel/helper-string-parser" "^7.29.7"
    "@babel/helper-validator-identifier" "^7.29.7"

"@esbuild/aix-ppc64@0.25.12":
  version "0.25.12"
  resolved "https://registry.npmmirror.com/@esbuild/aix-ppc64/-/aix-ppc64-0.25.12.tgz#80fcbe36130e58b7670511e888b8e88a259ed76c"
  integrity sha512-Hhmwd6CInZ3dwpuGTF8fJG6yoWmsToE+vYgD4nytZVxcu1ulHpUQRAB1UJ8+N1Am3Mz4+xOByoQoSZf4D+CpkA==

"@esbuild/aix-ppc64@0.28.2":
  version "0.28.2"
  resolved "https://registry.npmmirror.com/@esbuild/aix-ppc64/-/aix-ppc64-0.28.2.tgz#bf6e10303bcf2e7c686975fa52f937ec2728d8bc"
  integrity sha512-XExcO+dvLKvVtNTibSTBej1NCAbaGhWn9Ww1ZPx80qsahhPFe/8jgWP0IchNe0F3HwkU7n8ejhH8bjonqht8mQ==

"@esbuild/android-arm64@0.25.12":
  version "0.25.12"
  resolved "https://registry.npmmirror.com/@esbuild/android-arm64/-/android-arm64-0.25.12.tgz#8aa4965f8d0a7982dc21734bf6601323a66da752"
  integrity sha512-6AAmLG7zwD1Z159jCKPvAxZd4y/VTO0VkprYy+3N2FtJ8+BQWFXU+OxARIwA46c5tdD9SsKGZ/1ocqBS/gAKHg==

"@esbuild/android-arm64@0.28.2":
  version "0.28.2"
  resolved "https://registry.npmmirror.com/@esbuild/android-arm64/-/android-arm64-0.28.2.tgz#0c6246bc8d2c4d172aac2db3fb1190d72bd65504"
  integrity sha512-5YfKeeI8qWfBZIX+u2xZC3Zlb3Os/gLS2sbEKM+I4ZOcsWmHS2WLysCcQZDAFRslDUU5Oiq44gf6PYN1vGwG5A==

"@esbuild/android-arm@0.25.12":
  version "0.25.12"
  resolved "https://registry.npmmirror.com/@esbuild/android-arm/-/android-arm-0.25.12.tgz#300712101f7f50f1d2627a162e6e09b109b6767a"
  integrity sha512-VJ+sKvNA/GE7Ccacc9Cha7bpS8nyzVv0jdVgwNDaR4gDMC/2TTRc33Ip8qrNYUcpkOHUT5OZ0bUcNNVZQ9RLlg==

"@esbuild/android-arm@0.28.2":
  version "0.28.2"
  resolved "https://registry.npmmirror.com/@esbuild/android-arm/-/android-arm-0.28.2.tgz#2d84ece6a4e2684d92be26ee13d42757d831c381"
  integrity sha512-kXXoiPVVGQcnIYGOeaovwOURpniDBpSq4A03qkQ+BMQqtGG6HYap3xne9C1O1yo4TR3qxlCX5IqqmX6fFo2Lqg==

"@esbuild/android-x64@0.25.12":
  version "0.25.12"
  resolved "https://registry.npmmirror.com/@esbuild/android-x64/-/android-x64-0.25.12.tgz#87dfb27161202bdc958ef48bb61b09c758faee16"
  integrity sha512-5jbb+2hhDHx5phYR2By8GTWEzn6I9UqR11Kwf22iKbNpYrsmRB18aX/9ivc5cabcUiAT/wM+YIZ6SG9QO6a8kg==

"@esbuild/android-x64@0.28.2":
  version "0.28.2"
  resolved "https://registry.npmmirror.com/@esbuild/android-x64/-/android-x64-0.28.2.tgz#fc38d4d6358d8dc1cf53f09f7589fe436eb64801"
  integrity sha512-O387ite7SzUyCcy3JQX4P4bLtEA7bLLkx+esve5JHnyYfNTxcVpXZo9jhdB0lTKN44gztELTdU7nS8Nr16Fs1Q==

"@esbuild/darwin-arm64@0.25.12":
  version "0.25.12"
  resolved "https://registry.npmmirror.com/@esbuild/darwin-arm64/-/darwin-arm64-0.25.12.tgz#79197898ec1ff745d21c071e1c7cc3c802f0c1fd"
  integrity sha512-N3zl+lxHCifgIlcMUP5016ESkeQjLj/959RxxNYIthIg+CQHInujFuXeWbWMgnTo4cp5XVHqFPmpyu9J65C1Yg==

"@esbuild/darwin-arm64@0.28.2":
  version "0.28.2"
  resolved "https://registry.npmmirror.com/@esbuild/darwin-arm64/-/darwin-arm64-0.28.2.tgz#f83afeeac1d7dac01c7a2fd012b3e451a0591fcc"
  integrity sha512-n4KqkOQrraxHJcgjM1RvwbigfQKIKJVpM7xp+KsxiyUSrRdIXnt73VhrPAx0fV44hgfmIVKjxMN9J1t5jySVkw==

"@esbuild/darwin-x64@0.25.12":
  version "0.25.12"
  resolved "https://registry.npmmirror.com/@esbuild/darwin-x64/-/darwin-x64-0.25.12.tgz#146400a8562133f45c4d2eadcf37ddd09718079e"
  integrity sha512-HQ9ka4Kx21qHXwtlTUVbKJOAnmG1ipXhdWTmNXiPzPfWKpXqASVcWdnf2bnL73wgjNrFXAa3yYvBSd9pzfEIpA==

"@esbuild/darwin-x64@0.28.2":
  version "0.28.2"
  resolved "https://registry.npmmirror.com/@esbuild/darwin-x64/-/darwin-x64-0.28.2.tgz#510147c055a795588dbbe14fd6b1b8ad0a2f30de"
  integrity sha512-uq6suIWYP37qzGddBKPw5QEQPi6HiLGsO7UmkpfyaYNQ3D+rN6w6WfwH+nuqcGXWvawGwxOEroO4YGnFh95azw==

"@esbuild/freebsd-arm64@0.25.12":
  version "0.25.12"
  resolved "https://registry.npmmirror.com/@esbuild/freebsd-arm64/-/freebsd-arm64-0.25.12.tgz#1c5f9ba7206e158fd2b24c59fa2d2c8bb47ca0fe"
  integrity sha512-gA0Bx759+7Jve03K1S0vkOu5Lg/85dou3EseOGUes8flVOGxbhDDh/iZaoek11Y8mtyKPGF3vP8XhnkDEAmzeg==

"@esbuild/freebsd-arm64@0.28.2":
  version "0.28.2"
  resolved "https://registry.npmmirror.com/@esbuild/freebsd-arm64/-/freebsd-arm64-0.28.2.tgz#093b9200ecf0b115ba4e5e248a7485c9c5f8bd5e"
  integrity sha512-n+I0BTSRIoy+d6RPKnEVwql5UwBJolytvY4mAOIEJorKlqgPII8ix6slVVrfZ5Tnj7glIZvloylbB/EJPMWEXw==

"@esbuild/freebsd-x64@0.25.12":
  version "0.25.12"
  resolved "https://registry.npmmirror.com/@esbuild/freebsd-x64/-/freebsd-x64-0.25.12.tgz#ea631f4a36beaac4b9279fa0fcc6ca29eaeeb2b3"
  integrity sha512-TGbO26Yw2xsHzxtbVFGEXBFH0FRAP7gtcPE7P5yP7wGy7cXK2oO7RyOhL5NLiqTlBh47XhmIUXuGciXEqYFfBQ==

"@esbuild/freebsd-x64@0.28.2":
  version "0.28.2"
  resolved "https://registry.npmmirror.com/@esbuild/freebsd-x64/-/freebsd-x64-0.28.2.tgz#0be22b6df925d213e841ea87123af5df80b0faf7"
  integrity sha512-78XJTJkvPs0kz2w61301PJjXl4g7q3JqiYMZ/M/yVI73EHBrCRTgkhu9oqG7vPqq+a/yadEW8aD+agKlk5xrmg==

"@esbuild/linux-arm64@0.25.12":
  version "0.25.12"
  resolved "https://registry.npmmirror.com/@esbuild/linux-arm64/-/linux-arm64-0.25.12.tgz#e1066bce58394f1b1141deec8557a5f0a22f5977"
  integrity sha512-8bwX7a8FghIgrupcxb4aUmYDLp8pX06rGh5HqDT7bB+8Rdells6mHvrFHHW2JAOPZUbnjUpKTLg6ECyzvas2AQ==

"@esbuild/linux-arm64@0.28.2":
  version "0.28.2"
  resolved "https://registry.npmmirror.com/@esbuild/linux-arm64/-/linux-arm64-0.28.2.tgz#1bdbc651cda9ba9995c53ed9c71ceaa65094762d"
  integrity sha512-pW4AC0P3it8c7do9MVM4p51FzHzdM/TZrerurgRcHJ2WTa1VQ1CIq18xncfpBJw4ojkiZZrKW2yIBWBP92j6Ug==

"@esbuild/linux-arm@0.25.12":
  version "0.25.12"
  resolved "https://registry.npmmirror.com/@esbuild/linux-arm/-/linux-arm-0.25.12.tgz#452cd66b20932d08bdc53a8b61c0e30baf4348b9"
  integrity sha512-lPDGyC1JPDou8kGcywY0YILzWlhhnRjdof3UlcoqYmS9El818LLfJJc3PXXgZHrHCAKs/Z2SeZtDJr5MrkxtOw==

"@esbuild/linux-arm@0.28.2":
  version "0.28.2"
  resolved "https://registry.npmmirror.com/@esbuild/linux-arm/-/linux-arm-0.28.2.tgz#beb12ad72b84f72d28488cc1b8ee9f7eb141d753"
  integrity sha512-XlDnu2q5yoqems+xay6wSAcg9DDD7K9RLKZEBOMZm3ckNpJBvOX20tSfby8KfrrhINDyv9V2YVZKY/SpoGJI8w==

"@esbuild/linux-ia32@0.25.12":
  version "0.25.12"
  resolved "https://registry.npmmirror.com/@esbuild/linux-ia32/-/linux-ia32-0.25.12.tgz#b24f8acc45bcf54192c7f2f3be1b53e6551eafe0"
  integrity sha512-0y9KrdVnbMM2/vG8KfU0byhUN+EFCny9+8g202gYqSSVMonbsCfLjUO+rCci7pM0WBEtz+oK/PIwHkzxkyharA==

"@esbuild/linux-ia32@0.28.2":
  version "0.28.2"
  resolved "https://registry.npmmirror.com/@esbuild/linux-ia32/-/linux-ia32-0.28.2.tgz#b81f9d55529b45c206a46a138214b1aa6879696b"
  integrity sha512-CYbnj78HsIeA+DhgUKgFCfvNsTHFhMMrinUrMZpDXJXKN8T3XViTZ/+wtHeVxEWY8ewSzTFN+nRmSwO2tZaLUQ==

"@esbuild/linux-loong64@0.25.12":
  version "0.25.12"
  resolved "https://registry.npmmirror.com/@esbuild/linux-loong64/-/linux-loong64-0.25.12.tgz#f9cfffa7fc8322571fbc4c8b3268caf15bd81ad0"
  integrity sha512-h///Lr5a9rib/v1GGqXVGzjL4TMvVTv+s1DPoxQdz7l/AYv6LDSxdIwzxkrPW438oUXiDtwM10o9PmwS/6Z0Ng==

"@esbuild/linux-loong64@0.28.2":
  version "0.28.2"
  resolved "https://registry.npmmirror.com/@esbuild/linux-loong64/-/linux-loong64-0.28.2.tgz#598667241a04c99b76ed6ef940ac50038c419f98"
  integrity sha512-buwkd8nsph4R+ajRvw0qM5Hja/TXQow3ptzWO2EbG/cqcIkHloRrdlBtQlshyYGTNFvfkfJ5tpPLVkY4DtsPfQ==

"@esbuild/linux-mips64el@0.25.12":
  version "0.25.12"
  resolved "https://registry.npmmirror.com/@esbuild/linux-mips64el/-/linux-mips64el-0.25.12.tgz#575a14bd74644ffab891adc7d7e60d275296f2cd"
  integrity sha512-iyRrM1Pzy9GFMDLsXn1iHUm18nhKnNMWscjmp4+hpafcZjrr2WbT//d20xaGljXDBYHqRcl8HnxbX6uaA/eGVw==

"@esbuild/linux-mips64el@0.28.2":
  version "0.28.2"
  resolved "https://registry.npmmirror.com/@esbuild/linux-mips64el/-/linux-mips64el-0.28.2.tgz#1c51eb9cea903f53d97b5af3b1841db70f5596ca"
  integrity sha512-ZVykbDyk7519VwiNb9Lcj9m8XM6v5V9uKPvrEMkkEedVewf+0itkhahp4HDpgERXhwLRpWFypsGbG/J8s0QjJA==

"@esbuild/linux-ppc64@0.25.12":
  version "0.25.12"
  resolved "https://registry.npmmirror.com/@esbuild/linux-ppc64/-/linux-ppc64-0.25.12.tgz#75b99c70a95fbd5f7739d7692befe60601591869"
  integrity sha512-9meM/lRXxMi5PSUqEXRCtVjEZBGwB7P/D4yT8UG/mwIdze2aV4Vo6U5gD3+RsoHXKkHCfSxZKzmDssVlRj1QQA==

"@esbuild/linux-ppc64@0.28.2":
  version "0.28.2"
  resolved "https://registry.npmmirror.com/@esbuild/linux-ppc64/-/linux-ppc64-0.28.2.tgz#63dd61f17ceb31a81227f413feac8a71bc2c51f2"
  integrity sha512-CAXl+Dtd9UUuJd8pKKdwh6MLm3MUMiqMPmhZ3tTSXPqfyQ3vDl6R5hZdZ/kYojK4ofXtdfSv1tFq8XzWx3heNQ==

"@esbuild/linux-riscv64@0.25.12":
  version "0.25.12"
  resolved "https://registry.npmmirror.com/@esbuild/linux-riscv64/-/linux-riscv64-0.25.12.tgz#2e3259440321a44e79ddf7535c325057da875cd6"
  integrity sha512-Zr7KR4hgKUpWAwb1f3o5ygT04MzqVrGEGXGLnj15YQDJErYu/BGg+wmFlIDOdJp0PmB0lLvxFIOXZgFRrdjR0w==

"@esbuild/linux-riscv64@0.28.2":
  version "0.28.2"
  resolved "https://registry.npmmirror.com/@esbuild/linux-riscv64/-/linux-riscv64-0.28.2.tgz#3763b08fde5cf25ab1facb8e7752edfe45fbfc27"
  integrity sha512-GeXCej4IQtU1B+QlDV8W/RRvbzI3O/Stss+/bCXv4lZls5WGRtu2a+3JkA3i4qIUlMXpcHebWpF8AkJhATowuA==

"@esbuild/linux-s390x@0.25.12":
  version "0.25.12"
  resolved "https://registry.npmmirror.com/@esbuild/linux-s390x/-/linux-s390x-0.25.12.tgz#17676cabbfe5928da5b2a0d6df5d58cd08db2663"
  integrity sha512-MsKncOcgTNvdtiISc/jZs/Zf8d0cl/t3gYWX8J9ubBnVOwlk65UIEEvgBORTiljloIWnBzLs4qhzPkJcitIzIg==

"@esbuild/linux-s390x@0.28.2":
  version "0.28.2"
  resolved "https://registry.npmmirror.com/@esbuild/linux-s390x/-/linux-s390x-0.28.2.tgz#1a137ff293a82906eb3176385bd7e8e0e5cfb7cb"
  integrity sha512-3H1weTYZPxt/WOhByszQZybS9w5lKzUn1FDMsgEChbHWQwHYQQRfBxgCcZvPhjHfKyJjIievvMmEUawJrdY9Dg==

"@esbuild/linux-x64@0.25.12":
  version "0.25.12"
  resolved "https://registry.npmmirror.com/@esbuild/linux-x64/-/linux-x64-0.25.12.tgz#0583775685ca82066d04c3507f09524d3cd7a306"
  integrity sha512-uqZMTLr/zR/ed4jIGnwSLkaHmPjOjJvnm6TVVitAa08SLS9Z0VM8wIRx7gWbJB5/J54YuIMInDquWyYvQLZkgw==

"@esbuild/linux-x64@0.28.2":
  version "0.28.2"
  resolved "https://registry.npmmirror.com/@esbuild/linux-x64/-/linux-x64-0.28.2.tgz#268b36211c146ca54f8fe12c578a8d6ef8979485"
  integrity sha512-4xTZr1FUmSoQW4XIWmit3tzQrUTZM+N3P0XV8xROKYF50XfI7xeO90+1bZvNwxIufQ9hDQVRJH5YhgPVF8A/HQ==

"@esbuild/netbsd-arm64@0.25.12":
  version "0.25.12"
  resolved "https://registry.npmmirror.com/@esbuild/netbsd-arm64/-/netbsd-arm64-0.25.12.tgz#f04c4049cb2e252fe96b16fed90f70746b13f4a4"
  integrity sha512-xXwcTq4GhRM7J9A8Gv5boanHhRa/Q9KLVmcyXHCTaM4wKfIpWkdXiMog/KsnxzJ0A1+nD+zoecuzqPmCRyBGjg==

"@esbuild/netbsd-arm64@0.28.2":
  version "0.28.2"
  resolved "https://registry.npmmirror.com/@esbuild/netbsd-arm64/-/netbsd-arm64-0.28.2.tgz#22571ad951d62bb6accc82d8d1fad5c8c1ac0ba1"
  integrity sha512-sSATRjPeDBg3pdgHoQfoYBob11Kk1FGa9lui5RIHZCoCkJa9QKlvl3/vKz2usCmYYjs7ymJR/2Nnsqe+Hjt5nw==

"@esbuild/netbsd-x64@0.25.12":
  version "0.25.12"
  resolved "https://registry.npmmirror.com/@esbuild/netbsd-x64/-/netbsd-x64-0.25.12.tgz#77da0d0a0d826d7c921eea3d40292548b258a076"
  integrity sha512-Ld5pTlzPy3YwGec4OuHh1aCVCRvOXdH8DgRjfDy/oumVovmuSzWfnSJg+VtakB9Cm0gxNO9BzWkj6mtO1FMXkQ==

"@esbuild/netbsd-x64@0.28.2":
  version "0.28.2"
  resolved "https://registry.npmmirror.com/@esbuild/netbsd-x64/-/netbsd-x64-0.28.2.tgz#42fcc57297eb0a0ca3f5fc475291f4c1a3f7c0de"
  integrity sha512-lqnzCV+mM0gIADaKihiCg6ifgfU2L3h5E33rNQBN1Y4MaVGnzryzmvvf7UHxprpQdE8hpqLolJ9Rl+SkIRDpyw==

"@esbuild/openbsd-arm64@0.25.12":
  version "0.25.12"
  resolved "https://registry.npmmirror.com/@esbuild/openbsd-arm64/-/openbsd-arm64-0.25.12.tgz#6296f5867aedef28a81b22ab2009c786a952dccd"
  integrity sha512-fF96T6KsBo/pkQI950FARU9apGNTSlZGsv1jZBAlcLL1MLjLNIWPBkj5NlSz8aAzYKg+eNqknrUJ24QBybeR5A==

"@esbuild/openbsd-arm64@0.28.2":
  version "0.28.2"
  resolved "https://registry.npmmirror.com/@esbuild/openbsd-arm64/-/openbsd-arm64-0.28.2.tgz#9eb32af104ac3dacf4edca01f596664aab0c73ef"
  integrity sha512-AL2qJILH7lNjrDmCQDvdxMfAUIv8KMNZOvrwAQ8i8//ntL9FflhOyMJ8OZSMBb8/AWXe3/5v5S20y3zCoZWKoQ==

"@esbuild/openbsd-x64@0.25.12":
  version "0.25.12"
  resolved "https://registry.npmmirror.com/@esbuild/openbsd-x64/-/openbsd-x64-0.25.12.tgz#f8d23303360e27b16cf065b23bbff43c14142679"
  integrity sha512-MZyXUkZHjQxUvzK7rN8DJ3SRmrVrke8ZyRusHlP+kuwqTcfWLyqMOE3sScPPyeIXN/mDJIfGXvcMqCgYKekoQw==

"@esbuild/openbsd-x64@0.28.2":
  version "0.28.2"
  resolved "https://registry.npmmirror.com/@esbuild/openbsd-x64/-/openbsd-x64-0.28.2.tgz#febed2402d6088225e91f20fb4ce2522ad0a4efd"
  integrity sha512-QtiuPytchRyC4rwUKhexJdQKvDuZ6hWloi3igqPQNUJCS1/v9EiO3UTOXR6A3FoMo4fnAKbWJdqaIwhOzh8qEw==

"@esbuild/openharmony-arm64@0.25.12":
  version "0.25.12"
  resolved "https://registry.npmmirror.com/@esbuild/openharmony-arm64/-/openharmony-arm64-0.25.12.tgz#49e0b768744a3924be0d7fd97dd6ce9b2923d88d"
  integrity sha512-rm0YWsqUSRrjncSXGA7Zv78Nbnw4XL6/dzr20cyrQf7ZmRcsovpcRBdhD43Nuk3y7XIoW2OxMVvwuRvk9XdASg==

"@esbuild/openharmony-arm64@0.28.2":
  version "0.28.2"
  resolved "https://registry.npmmirror.com/@esbuild/openharmony-arm64/-/openharmony-arm64-0.28.2.tgz#85641c3d466428bfbccea5f21c26836663fef5ce"
  integrity sha512-WkhYDmpTjLvGlScA1rwjRUmhl4k8oXR3cIbtqWmELgU/dFeHHlEllxDvdWcNJV9rbzCexB5vz8gtNewWLgCT7Q==

"@esbuild/sunos-x64@0.25.12":
  version "0.25.12"
  resolved "https://registry.npmmirror.com/@esbuild/sunos-x64/-/sunos-x64-0.25.12.tgz#a6ed7d6778d67e528c81fb165b23f4911b9b13d6"
  integrity sha512-3wGSCDyuTHQUzt0nV7bocDy72r2lI33QL3gkDNGkod22EsYl04sMf0qLb8luNKTOmgF/eDEDP5BFNwoBKH441w==

"@esbuild/sunos-x64@0.28.2":
  version "0.28.2"
  resolved "https://registry.npmmirror.com/@esbuild/sunos-x64/-/sunos-x64-0.28.2.tgz#a736f9d8962481045fc4c3e54f5479f22c870fb4"
  integrity sha512-GPMSkTOtMnv2U2F8gxe4Io6qmVs+YKyp832Etqqxr0hFngmXQ3rzwytelm3GIn7T4VviRUlf3sOgBOiTdvaf7g==

"@esbuild/win32-arm64@0.25.12":
  version "0.25.12"
  resolved "https://registry.npmmirror.com/@esbuild/win32-arm64/-/win32-arm64-0.25.12.tgz#9ac14c378e1b653af17d08e7d3ce34caef587323"
  integrity sha512-rMmLrur64A7+DKlnSuwqUdRKyd3UE7oPJZmnljqEptesKM8wx9J8gx5u0+9Pq0fQQW8vqeKebwNXdfOyP+8Bsg==

"@esbuild/win32-arm64@0.28.2":
  version "0.28.2"
  resolved "https://registry.npmmirror.com/@esbuild/win32-arm64/-/win32-arm64-0.28.2.tgz#ee5ab40fad186201b652a33f8a5eb149e9e42532"
  integrity sha512-PIhhEkE9uPBleRBrQEJpUn7MBnibZzbGzYWPmY3x+YoVg/95zbjB4CxPPOQ8l5tYYM4mMaCthF8/1DIfBQQyWQ==

"@esbuild/win32-ia32@0.25.12":
  version "0.25.12"
  resolved "https://registry.npmmirror.com/@esbuild/win32-ia32/-/win32-ia32-0.25.12.tgz#918942dcbbb35cc14fca39afb91b5e6a3d127267"
  integrity sha512-HkqnmmBoCbCwxUKKNPBixiWDGCpQGVsrQfJoVGYLPT41XWF8lHuE5N6WhVia2n4o5QK5M4tYr21827fNhi4byQ==

"@esbuild/win32-ia32@0.28.2":
  version "0.28.2"
  resolved "https://registry.npmmirror.com/@esbuild/win32-ia32/-/win32-ia32-0.28.2.tgz#c40d28a6d99a127da6711f2afd74b11cb63b06a7"
  integrity sha512-YmJbfTlvU7Sdn9BB+4PRES4oB6pxgS37MAONj+hBr/cpXS1aBPKXxNnDbu+QCWPj0o9dgyxeq79g6c5P8KeuYA==

"@esbuild/win32-x64@0.25.12":
  version "0.25.12"
  resolved "https://registry.npmmirror.com/@esbuild/win32-x64/-/win32-x64-0.25.12.tgz#9bdad8176be7811ad148d1f8772359041f46c6c5"
  integrity sha512-alJC0uCZpTFrSL0CCDjcgleBXPnCrEAhTBILpeAp7M/OFgoqtAetfBzX0xM00MUsVVPpVjlPuMbREqnZCXaTnA==

"@esbuild/win32-x64@0.28.2":
  version "0.28.2"
  resolved "https://registry.npmmirror.com/@esbuild/win32-x64/-/win32-x64-0.28.2.tgz#b21affb804cc167c133d95f45b3a1dc1323b9a87"
  integrity sha512-5ebpxr3nWMzrL/rnUI755Jkuee0bHL/Gq0WTF9lvcpv73wAp5eu8MfBUgWK9bhWvZjj7yX8etf/8tI8Ney695g==

"@gltf-transform/core@^3.4.0":
  version "3.10.1"
  resolved "https://registry.npmmirror.com/@gltf-transform/core/-/core-3.10.1.tgz#d99c060b499482ed2c3304466405bf4c10939831"
  integrity sha512-50OYemknGNxjBmiOM6iJp04JAu0bl9jvXJfN/gFt9QdJO02cPDcoXlTfSPJG6TVWDcfl0xPlsx1vybcbPVGFcQ==
  dependencies:
    property-graph "^1.3.1"

"@jridgewell/sourcemap-codec@^1.5.5":
  version "1.6.0"
  resolved "https://registry.npmmirror.com/@jridgewell/sourcemap-codec/-/sourcemap-codec-1.6.0.tgz#f4c663e862f06dc98ca4d453862c46902789a18d"
  integrity sha512-T7jf+5zgsZHwNJ4lvQ7/aezbyk0nNX+zJVWpmHA7VYsEx7a7qr5Rg5IbtJFqkgze5Y2sruq1RUY8Q837Od7iFw==

"@napi-rs/lzma-linux-x64-gnu@1.5.1":
  version "1.5.1"
  resolved "https://registry.npmmirror.com/@napi-rs/lzma-linux-x64-gnu/-/lzma-linux-x64-gnu-1.5.1.tgz#e57d4306966078662038094fb38eb9146dc3aea9"
  integrity sha512-oTXEIha4SsuXdTA4Iyskj0kpdx2yVXdhd75c2v3xGrHFfVMsbhTPZU/nMPL4sWKo4pBHm3aucLaqGlF696dTyQ==

"@pixiv/three-vrm-animation@^2.1.0":
  version "2.1.3"
  resolved "https://registry.npmmirror.com/@pixiv/three-vrm-animation/-/three-vrm-animation-2.1.3.tgz#3c08b52f6e615359eee0e452e840eb1cfe2d206a"
  integrity sha512-OImPZ5yl+b7ygZ2fEzdyAi5KrD9ChVr0LTvXEFN505gSPhapJWRy6Uuz9WX48Mvc9eeYsL15pa4oUosQXmx40A==
  dependencies:
    "@pixiv/three-vrm-core" "2.1.3"
    "@pixiv/types-vrmc-vrm-1.0" "2.1.3"
    "@pixiv/types-vrmc-vrm-animation-1.0" "2.1.3"

"@pixiv/three-vrm-core@2.1.3":
  version "2.1.3"
  resolved "https://registry.npmmirror.com/@pixiv/three-vrm-core/-/three-vrm-core-2.1.3.tgz#bc05bbb839540ac995df4e5c891fe92b427b75bc"
  integrity sha512-FwJcjR+l5jd/0zhqybjmDjnPsCbRzcYH9rMbkZH04VKIDRxFmop4ObGJHSODZspzr79amwwGWiWxt1DT5XCJ3Q==
  dependencies:
    "@pixiv/types-vrm-0.0" "2.1.3"
    "@pixiv/types-vrmc-vrm-1.0" "2.1.3"

"@pixiv/three-vrm-materials-hdr-emissive-multiplier@2.1.3":
  version "2.1.3"
  resolved "https://registry.npmmirror.com/@pixiv/three-vrm-materials-hdr-emissive-multiplier/-/three-vrm-materials-hdr-emissive-multiplier-2.1.3.tgz#ec9a0e53a08269497c8cdda27b8bef45e20bb1e4"
  integrity sha512-Y54NLTEosHbZh9AT3xsQGjN3wnaJwAnTS5WqJzCHHPn/WGYYXzGnnmd0fuKrL4NVWuxRe1iVTEtVibMEBybfRw==
  dependencies:
    "@pixiv/types-vrmc-materials-hdr-emissive-multiplier-1.0" "2.1.3"

"@pixiv/three-vrm-materials-mtoon@2.1.3":
  version "2.1.3"
  resolved "https://registry.npmmirror.com/@pixiv/three-vrm-materials-mtoon/-/three-vrm-materials-mtoon-2.1.3.tgz#a6efa9777836aa2807e4194c1ad6344bae956bdc"
  integrity sha512-xW229xtlclOUArQfZzpCXtaNhNX1UcTM9NDagfwKMVWfaH5XlKlmPZGcw7yXL5gH/KPsQq/meaVMl5KlvQTr1Q==
  dependencies:
    "@pixiv/types-vrm-0.0" "2.1.3"
    "@pixiv/types-vrmc-materials-mtoon-1.0" "2.1.3"

"@pixiv/three-vrm-materials-v0compat@2.1.3":
  version "2.1.3"
  resolved "https://registry.npmmirror.com/@pixiv/three-vrm-materials-v0compat/-/three-vrm-materials-v0compat-2.1.3.tgz#1181881bdab9ca1b81c9695e8a6eb51ec3a82ed0"
  integrity sha512-TpQlL3ZGNacY+uw6tG8Y7ydpLlyN3c8AoLXHE3kL26v4Uw+x0LBSHljvdm+n6HGevUY1QBxXupQLc52zQkqO2w==
  dependencies:
    "@pixiv/types-vrm-0.0" "2.1.3"
    "@pixiv/types-vrmc-materials-mtoon-1.0" "2.1.3"

"@pixiv/three-vrm-node-constraint@2.1.3":
  version "2.1.3"
  resolved "https://registry.npmmirror.com/@pixiv/three-vrm-node-constraint/-/three-vrm-node-constraint-2.1.3.tgz#9fdd0e8af8cf0b3acb20e1e1b5b504061e7d65b0"
  integrity sha512-Nis9gkq/6JGWtRj+vt2Ya/oajC365RuVmst7Fj2RWmcsb+0hPiE7TDgbiofMD6crqYI4tcbiC36vX+q5MPQqnQ==
  dependencies:
    "@pixiv/types-vrmc-node-constraint-1.0" "2.1.3"

"@pixiv/three-vrm-springbone@2.1.3":
  version "2.1.3"
  resolved "https://registry.npmmirror.com/@pixiv/three-vrm-springbone/-/three-vrm-springbone-2.1.3.tgz#f28604e30e51950790fff635f4649946cc94c0ed"
  integrity sha512-aQY6YoE85sYMRntE2axGN3qhYgjxGJyv7P7DWXhPbC1aw5ZayyTycaWEfQLay2jUcOX97fKmDKwABVwC3o4jcg==
  dependencies:
    "@pixiv/types-vrm-0.0" "2.1.3"
    "@pixiv/types-vrmc-springbone-1.0" "2.1.3"

"@pixiv/three-vrm@^2.1.0":
  version "2.1.3"
  resolved "https://registry.npmmirror.com/@pixiv/three-vrm/-/three-vrm-2.1.3.tgz#02bfc950314d643127ee73a3a2a18776ea64c20a"
  integrity sha512-P2Q//lw50l8vh7dQR5CP0/ffMh9Nr6MJascyqLvKir66VxE4mnjfiq6qFxwLXAl54X76Y4cShIJNsgiKnCfXug==
  dependencies:
    "@pixiv/three-vrm-core" "2.1.3"
    "@pixiv/three-vrm-materials-hdr-emissive-multiplier" "2.1.3"
    "@pixiv/three-vrm-materials-mtoon" "2.1.3"
    "@pixiv/three-vrm-materials-v0compat" "2.1.3"
    "@pixiv/three-vrm-node-constraint" "2.1.3"
    "@pixiv/three-vrm-springbone" "2.1.3"

"@pixiv/types-vrm-0.0@2.1.3":
  version "2.1.3"
  resolved "https://registry.npmmirror.com/@pixiv/types-vrm-0.0/-/types-vrm-0.0-2.1.3.tgz#0359d6f75de3b6790fdc60635cf288cfedb2a626"
  integrity sha512-1o7vTMr9e3sAm6FuJ1vltZOFKKZu2fgLcsCM2VORz7AQS7nPsgh4/TYJh2rTWrIjj+im/SMsUWmp9r+2CtFW6Q==

"@pixiv/types-vrmc-materials-hdr-emissive-multiplier-1.0@2.1.3":
  version "2.1.3"
  resolved "https://registry.npmmirror.com/@pixiv/types-vrmc-materials-hdr-emissive-multiplier-1.0/-/types-vrmc-materials-hdr-emissive-multiplier-1.0-2.1.3.tgz#55bf463533f1348a1af87beacb7397680d791d23"
  integrity sha512-XdKSA94igkaxdGqpNFdxA5PzrFcv5uZdoxfzmvdXbAg01qs6pGBCC/O+byM0Ei5YIyKexpCuzM84gXggWPHVSQ==

"@pixiv/types-vrmc-materials-mtoon-1.0@2.1.3":
  version "2.1.3"
  resolved "https://registry.npmmirror.com/@pixiv/types-vrmc-materials-mtoon-1.0/-/types-vrmc-materials-mtoon-1.0-2.1.3.tgz#bef5eb3c9d484857be3ae7d18c5ad9fee98dea23"
  integrity sha512-ysEpYI03roXgcb5frFfhcjX7VY93dJ2DFpk33xFpvxk8tvXA/liYWnRyOUWFRa1QKBGCgjHCGV+dJkbAc07lPw==

"@pixiv/types-vrmc-node-constraint-1.0@2.1.3":
  version "2.1.3"
  resolved "https://registry.npmmirror.com/@pixiv/types-vrmc-node-constraint-1.0/-/types-vrmc-node-constraint-1.0-2.1.3.tgz#8ffcf74f1755439e8333d8c64b1493c0ca0f64ff"
  integrity sha512-zBV3SHPNchL66EtE2ClK4lH43Owv7QZRwQ8n3JOMRuJe03k/JwUO+1OB3B8R07Wsb8gclh1fwcRxTI2N+LKlfQ==

"@pixiv/types-vrmc-springbone-1.0@2.1.3":
  version "2.1.3"
  resolved "https://registry.npmmirror.com/@pixiv/types-vrmc-springbone-1.0/-/types-vrmc-springbone-1.0-2.1.3.tgz#52215fd31524a118ad19dbbec101ba33d33b70d7"
  integrity sha512-VSHwgxpen2kpWu6xkX4aakLv6EmhQo2wmH6eAzgdoiz0vM7obJPbyIJihLVNXWMkJ4yWCdm2jTcm5rz4wzXuvA==

"@pixiv/types-vrmc-vrm-1.0@2.0.3":
  version "2.0.3"
  resolved "https://registry.npmmirror.com/@pixiv/types-vrmc-vrm-1.0/-/types-vrmc-vrm-1.0-2.0.3.tgz#6f3674b955d54c0c5489bc57e0e19552d0c613e1"
  integrity sha512-RMP34Bk1qLFQv/CRB1Zqvn2qMFfWQfP2Hms5QrrfoBsW9XroZdEe0zPLNbGmUPYh4F7VtBb+B7+RCuymRtpehA==

"@pixiv/types-vrmc-vrm-1.0@2.1.3":
  version "2.1.3"
  resolved "https://registry.npmmirror.com/@pixiv/types-vrmc-vrm-1.0/-/types-vrmc-vrm-1.0-2.1.3.tgz#0539dd059388fdf38b2009121f918c601b7bafc5"
  integrity sha512-Row4scto6NNiZVBPkQA7yXXpqCNva2wU1vUueJQ/AMCrN24U/yD/kryLVSx2w5n7DovjYAlTELL0Km6cZigu8g==

"@pixiv/types-vrmc-vrm-animation-1.0@2.1.3", "@pixiv/types-vrmc-vrm-animation-1.0@^2.1.0":
  version "2.1.3"
  resolved "https://registry.npmmirror.com/@pixiv/types-vrmc-vrm-animation-1.0/-/types-vrmc-vrm-animation-1.0-2.1.3.tgz#e3756e964f06ae64ca4b97cfd08e53a7b78c8b27"
  integrity sha512-/lx0bHM8arO7B1RO/BFlwwo9sR0/qTsmq4h0DJc9pAaZh8FgO8chBEep7fB0bk/ZGdNdN3YTRj1+DSNm0EYD3g==
  dependencies:
    "@pixiv/types-vrmc-vrm-1.0" "2.0.3"

"@rollup/rollup-android-arm-eabi@4.63.1":
  version "4.63.1"
  resolved "https://registry.npmmirror.com/@rollup/rollup-android-arm-eabi/-/rollup-android-arm-eabi-4.63.1.tgz#d03ba6ea54f9ec80688d153763cd325a2d2a5af6"
  integrity sha512-UZ8sUxPTiHWYX9QNdJedb1kDZSpS1t/VPWBWGSgqHNi9w3Cu6IXvu2mzbhiTiPvtrqgTQJ+zqiAq2iPIPilpaQ==

"@rollup/rollup-android-arm64@4.63.1":
  version "4.63.1"
  resolved "https://registry.npmmirror.com/@rollup/rollup-android-arm64/-/rollup-android-arm64-4.63.1.tgz#db5e36aa8a955b4b5e0b024d671230edc5cdc191"
  integrity sha512-cQ4nFQABN5cDvDpbvJ7bMStCpnaVxynZrRMfUJYgxcIk9Sh54FIO1vtfkg0B69REjER77ioZ/ov+eAApx/KmLQ==

"@rollup/rollup-darwin-arm64@4.63.1":
  version "4.63.1"
  resolved "https://registry.npmmirror.com/@rollup/rollup-darwin-arm64/-/rollup-darwin-arm64-4.63.1.tgz#1ed1c43922e7b9b5d020ef65d8402e3c81edc86e"
  integrity sha512-FQNqd1lRy/0QhDk3xeRIkSBiCpXCiDnZO3YLVdcDKN1UBiKToNftCzcXYNLshmPDUMlu2TdeS8tGcsU6f3YF1Q==

"@rollup/rollup-darwin-x64@4.63.1":
  version "4.63.1"
  resolved "https://registry.npmmirror.com/@rollup/rollup-darwin-x64/-/rollup-darwin-x64-4.63.1.tgz#0a86e782bf7a546e74f531e395e24fdb45c83527"
  integrity sha512-pvD16V939D3CloK0+qikpGaxiPrDUXTe7Y5cWOMkMSy7m1cawa8EGy/kXYi/G/cKAC4HDAbSnzCIk1WmsoOKXg==

"@rollup/rollup-freebsd-arm64@4.63.1":
  version "4.63.1"
  resolved "https://registry.npmmirror.com/@rollup/rollup-freebsd-arm64/-/rollup-freebsd-arm64-4.63.1.tgz#82fa51c540185b5063c8b3c63aac79b15f2801ad"
  integrity sha512-pcFGeL2345VwdTnJhA6zLbew+YgWB0qBG2+dMtXjCicf6+rm6kO6cOoh5VnTe0ZMrMRgRyuHmCJxZWrIdzYuOw==

"@rollup/rollup-freebsd-x64@4.63.1":
  version "4.63.1"
  resolved "https://registry.npmmirror.com/@rollup/rollup-freebsd-x64/-/rollup-freebsd-x64-4.63.1.tgz#df1d73b567fd62e0cf21c9b57dff7f44bfd69638"
  integrity sha512-mRJlqSRulVzcKq/LKA6ICSIc3K/l4fzlVn/gePn2nXIHy8seRi5z/eeRE0d/XMBxcMldiXtQTSpRj0tkkC3g8Q==

"@rollup/rollup-linux-arm-gnueabihf@4.63.1":
  version "4.63.1"
  resolved "https://registry.npmmirror.com/@rollup/rollup-linux-arm-gnueabihf/-/rollup-linux-arm-gnueabihf-4.63.1.tgz#a585ba0418027a5b567693db3982e5e57544a4c7"
  integrity sha512-YDUNvVM85TI3g/1OpnqKP1h4NeW/j64DfWMf+G3M809xNk1bJSnpFp4sh83NpmVE5DXnkh8ULor4LTVZKoYLHw==

"@rollup/rollup-linux-arm-musleabihf@4.63.1":
  version "4.63.1"
  resolved "https://registry.npmmirror.com/@rollup/rollup-linux-arm-musleabihf/-/rollup-linux-arm-musleabihf-4.63.1.tgz#1326f0db22b690a92efd8eaa06e92268dc7d1bb6"
  integrity sha512-7Mcn71p9ZuQFAj+h+dhQXy/yeLePRS2yKRnmW1DijA9thKO5qap0GNOIQK4yQ6iP3SU0Mrb/yWo8h8vgRba8lw==

"@rollup/rollup-linux-arm64-gnu@4.63.1":
  version "4.63.1"
  resolved "https://registry.npmmirror.com/@rollup/rollup-linux-arm64-gnu/-/rollup-linux-arm64-gnu-4.63.1.tgz#9491939f7cc43a5b26a877417faeafe69bac79ac"
  integrity sha512-4YiLQTX6U4CSl0L9cluep9A9W6UmTfqBDc2/CH6wlu54pl4E7Jn3cOD8oxzvBDEGk/JMKgJ47C8g+radF7mwvg==

"@rollup/rollup-linux-arm64-musl@4.63.1":
  version "4.63.1"
  resolved "https://registry.npmmirror.com/@rollup/rollup-linux-arm64-musl/-/rollup-linux-arm64-musl-4.63.1.tgz#a53d93dac32acc671324af1153930ab5a04d8639"
  integrity sha512-2ra8F7w8OquwZN9z2/fKFnli69wa8PLwaVzRMIPGb13ByMJwC28Fbp8YcVGoUhlYMTt7j5j9bNgpysrN2UM+vw==

"@rollup/rollup-linux-loong64-gnu@4.63.1":
  version "4.63.1"
  resolved "https://registry.npmmirror.com/@rollup/rollup-linux-loong64-gnu/-/rollup-linux-loong64-gnu-4.63.1.tgz#db6e06173efc870be49a2df692d0c0607417a679"
  integrity sha512-Sy20ncyhjmBP0Ml+UvQbimjlk6VFgjW5uNP+qqwHB00mTE8Bl2C1TuHTlRwK2YoXeZbee5lP2XevBWVkAQAtSQ==

"@rollup/rollup-linux-loong64-musl@4.63.1":
  version "4.63.1"
  resolved "https://registry.npmmirror.com/@rollup/rollup-linux-loong64-musl/-/rollup-linux-loong64-musl-4.63.1.tgz#a60734a3de407bcf4bfe44d0b64222c0b9fb30bc"
  integrity sha512-noITLp8oNjYliPnGWmLyelIHwULGqbHloQHGw1rtxbWhTuWooRpnZarZQJ1y9EUC4szuCusCc+HEpUtxpIwYvA==

"@rollup/rollup-linux-ppc64-gnu@4.63.1":
  version "4.63.1"
  resolved "https://registry.npmmirror.com/@rollup/rollup-linux-ppc64-gnu/-/rollup-linux-ppc64-gnu-4.63.1.tgz#28a67e15d7ba8630ef044980a39626e0627d6e73"
  integrity sha512-hlxxXd+F1mWiAcaFR7Sv9ZQT6m6UfI8+Vy/kFJzztq2pDMU/0wZ9sish0iszNZvsQDo8Gc0i5yuFEOz5dDf6fA==

"@rollup/rollup-linux-ppc64-musl@4.63.1":
  version "4.63.1"
  resolved "https://registry.npmmirror.com/@rollup/rollup-linux-ppc64-musl/-/rollup-linux-ppc64-musl-4.63.1.tgz#77bb553a514942af54070756763dbb44c9c6cb2b"
  integrity sha512-EF7OpqQTQ/BvGqLzUi4rEHuagCV9MugAUXSHemwPW5vxZ75RR+jxO/2j95Ph2dalMpFHSVECjRoioHZgA9zOYA==

"@rollup/rollup-linux-riscv64-gnu@4.63.1":
  version "4.63.1"
  resolved "https://registry.npmmirror.com/@rollup/rollup-linux-riscv64-gnu/-/rollup-linux-riscv64-gnu-4.63.1.tgz#ef9f31b917e3b310eac5b86d3b6626df7e543e3d"
  integrity sha512-wQO3JesW9PRkwlabQ27y7sPfVOOTLRG73I4F2UYHG5PXun3J9U3y+b7ezVKSYbsvSKGQ1k1cq8Qlun4C9kLt3w==

"@rollup/rollup-linux-riscv64-musl@4.63.1":
  version "4.63.1"
  resolved "https://registry.npmmirror.com/@rollup/rollup-linux-riscv64-musl/-/rollup-linux-riscv64-musl-4.63.1.tgz#68cf61a2fc02171d1fa62568b73c1d942f82e80c"
  integrity sha512-ouAGwhO6wHRXdnOVCOsB0tRFkA7nhNB2Nwax6oECXN0YiN8EYUTBAOudADOB1PI+yDL61TeNx/u7MVCzksNbkQ==

"@rollup/rollup-linux-s390x-gnu@4.63.1":
  version "4.63.1"
  resolved "https://registry.npmmirror.com/@rollup/rollup-linux-s390x-gnu/-/rollup-linux-s390x-gnu-4.63.1.tgz#92d393ca47da0d03d1c1cffb3d7340f26c3a53d2"
  integrity sha512-q2R38Sn+1J8RxhfJ+T54wSWmyKXWec+9jgDfqO2AtArEqHO5R2aeayp5H5OYLr5UYDVGsVaZPEFUooMhYCdz5A==

"@rollup/rollup-linux-x64-gnu@4.63.1":
  version "4.63.1"
  resolved "https://registry.npmmirror.com/@rollup/rollup-linux-x64-gnu/-/rollup-linux-x64-gnu-4.63.1.tgz#f6e5c5c51f96ae298617fa26da54675acd60e3bc"
  integrity sha512-gfI5T24WLLuFfSKw7Go/zDXjAAV0fny0swTaDv+WjK7vqcw4cRhFfdsyKL1n+ukI+ooBxn3bVQnyrn06WpI50w==

"@rollup/rollup-linux-x64-musl@4.63.1":
  version "4.63.1"
  resolved "https://registry.npmmirror.com/@rollup/rollup-linux-x64-musl/-/rollup-linux-x64-musl-4.63.1.tgz#227a949c481909c781d8a39c280f75553cdd16bc"
  integrity sha512-4h6XqthmB4Hspji84wvgk+ElodTsGj+dbZqHJHHtKxj4mYq0ANSEEPX9ys3moJueqsRjwpaJYH7874Itwnj2ow==

"@rollup/rollup-openbsd-x64@4.63.1":
  version "4.63.1"
  resolved "https://registry.npmmirror.com/@rollup/rollup-openbsd-x64/-/rollup-openbsd-x64-4.63.1.tgz#f57241ebdb73d3bc236e7b1252988408b2139c13"
  integrity sha512-dlfCOa87o1VAYegLQ9EKilx2JCeRofiyPGhTCmqnuXZ6bMPiycO1rq1+sKoulAp7pGLIsTIw+1x5R+zgh5LhhA==

"@rollup/rollup-openharmony-arm64@4.63.1":
  version "4.63.1"
  resolved "https://registry.npmmirror.com/@rollup/rollup-openharmony-arm64/-/rollup-openharmony-arm64-4.63.1.tgz#3a9ffe5af71e8316dd2716b57dd64287a8c1fa0b"
  integrity sha512-cjkLbOlfcm3QGhMM1J5zaZjsw1GggbN6rw9UTSSRrPrR1KkcXnN7Uq9rPw34xImQ9VOY9GN+6u2Zj80B9ptkcw==

"@rollup/rollup-win32-arm64-msvc@4.63.1":
  version "4.63.1"
  resolved "https://registry.npmmirror.com/@rollup/rollup-win32-arm64-msvc/-/rollup-win32-arm64-msvc-4.63.1.tgz#7d4a40396ae79ebc1e3636c1d566c7d1838b800c"
  integrity sha512-Li1KdUnWGE4N3e1F/B4RTB1ms+nG4WBgjByO46pkeBVX/2UBsY53xf5vK9WygVmnH3RwncIST7lkSdLSY6P9lg==

"@rollup/rollup-win32-ia32-msvc@4.63.1":
  version "4.63.1"
  resolved "https://registry.npmmirror.com/@rollup/rollup-win32-ia32-msvc/-/rollup-win32-ia32-msvc-4.63.1.tgz#f234ab80141da45ebe85727f714eb20de2e72c2a"
  integrity sha512-t4ZYOSoLTgwhuFMrmTMLx/+i1DQVK7HYqMc6kY46EApwi8X0nIVphzdNoThU3xt6n+N5urG1/gxBdCaKDLavfg==

"@rollup/rollup-win32-x64-gnu@4.63.1":
  version "4.63.1"
  resolved "https://registry.npmmirror.com/@rollup/rollup-win32-x64-gnu/-/rollup-win32-x64-gnu-4.63.1.tgz#5d5a664c23c8ff0526b9abd703b50ffe09703c2a"
  integrity sha512-RgroPfMmKlD1RzSDxvwgcPiy2HNQKoYV7OmwIXDsk73uKW5t6B/V8KIy27SMv/FNXFo/oSBtWc9J0X7t91ezZg==

"@rollup/rollup-win32-x64-msvc@4.63.1":
  version "4.63.1"
  resolved "https://registry.npmmirror.com/@rollup/rollup-win32-x64-msvc/-/rollup-win32-x64-msvc-4.63.1.tgz#cd19d691330cbd52ebb13620acb6cf7140b95e80"
  integrity sha512-at8QVep6S3h5Y6gSbdGU06bRY5WJkf6WUduM9YtvYMbYhB1MOFfUgc6kehitQXzOtMSaT70q7f9ydPhpqu821w==

"@types/estree@1.0.9":
  version "1.0.9"
  resolved "https://registry.npmmirror.com/@types/estree/-/estree-1.0.9.tgz#cf3f0e876d7bee15a93ab925b82bf570a3904a24"
  integrity sha512-GhdPgy1el4/ImP05X05Uw4cw2/M93BCUmnEvWZNStlCzEKME4Fkk+YpoA5OiHNQmoS7Cafb8Xa3Pya8m1Qrzeg==

"@vitejs/plugin-vue@^5.2.1":
  version "5.2.4"
  resolved "https://registry.npmmirror.com/@vitejs/plugin-vue/-/plugin-vue-5.2.4.tgz#9e8a512eb174bfc2a333ba959bbf9de428d89ad8"
  integrity sha512-7Yx/SXSOcQq5HiiV3orevHUFn+pmMB4cgbEkDYgnkUWb0WfeQ/wa2yFv6D5ICiCQOVpjA7vYDXrC7AGO8yjDHA==

"@vue/compiler-core@3.5.42":
  version "3.5.42"
  resolved "https://registry.npmmirror.com/@vue/compiler-core/-/compiler-core-3.5.42.tgz#9d159ca5b1e7d792a42e9b1ddf2fc31edc9333dc"
  integrity sha512-2Ye1ilMtKXxl8qZUrQ5j0CdgenFp/HFQmta6rfRyfEsTG69L6Wk+tWuNoHYHMx9E8tF2Slvdg1FuwDvAXdy1LQ==
  dependencies:
    "@babel/parser" "^7.29.8"
    "@vue/shared" "3.5.42"
    entities "^7.0.1"
    estree-walker "^2.0.2"
    source-map-js "^1.2.1"

"@vue/compiler-dom@3.5.42":
  version "3.5.42"
  resolved "https://registry.npmmirror.com/@vue/compiler-dom/-/compiler-dom-3.5.42.tgz#2ac9570010bbffb7c08d8a904a956ecbabcdf6c6"
  integrity sha512-qbhQZEFmycr+ni/qyuccS4sucNN7VAbDfbkvNxWOX2VfgFm90MNs3/UhRNKoPMEIVn0F8gdlYjLPvqxHwHeQOA==
  dependencies:
    "@vue/compiler-core" "3.5.42"
    "@vue/shared" "3.5.42"

"@vue/compiler-sfc@3.5.42":
  version "3.5.42"
  resolved "https://registry.npmmirror.com/@vue/compiler-sfc/-/compiler-sfc-3.5.42.tgz#502c50e7864a980b7f147b78974e3b49fefcc16d"
  integrity sha512-fkCAFB4okcAANGMThboWnScp/gzWjU0ZSkVnjTIiplmMDq2uq0tIB3j+xVu4rhv5rvOgBySCysudmbMd6xRRqw==
  dependencies:
    "@babel/parser" "^7.29.8"
    "@vue/compiler-core" "3.5.42"
    "@vue/compiler-dom" "3.5.42"
    "@vue/compiler-ssr" "3.5.42"
    "@vue/shared" "3.5.42"
    estree-walker "^2.0.2"
    magic-string "^0.30.21"
    postcss "^8.5.19"
    source-map-js "^1.2.1"

"@vue/compiler-ssr@3.5.42":
  version "3.5.42"
  resolved "https://registry.npmmirror.com/@vue/compiler-ssr/-/compiler-ssr-3.5.42.tgz#a3121ad517e9062121762e452f125674cc6162fa"
  integrity sha512-xmLk3wLkbizPAiLyomjgFFosf2ys9b5Ghb+oh/k2tnvipNz8OFrQOiTcWCzyK7MpBp9KkyGtfvgfLUivbmuGYA==
  dependencies:
    "@vue/compiler-dom" "3.5.42"
    "@vue/shared" "3.5.42"

"@vue/reactivity@3.5.42":
  version "3.5.42"
  resolved "https://registry.npmmirror.com/@vue/reactivity/-/reactivity-3.5.42.tgz#800220f023d36fd04d94460c7c7ab5808f8ae75f"
  integrity sha512-TzNNfKpb7hDxbQltwAut8VDQA5YP+BuRlxntHUuRjyKwlMvmAPbs3unhCvieijifY6vFfVBwsS7wG/C7uq+bEQ==
  dependencies:
    "@vue/shared" "3.5.42"

"@vue/runtime-core@3.5.42":
  version "3.5.42"
  resolved "https://registry.npmmirror.com/@vue/runtime-core/-/runtime-core-3.5.42.tgz#a8af85746d6f9a9f1f8e4626be24eb0b8c9a1e72"
  integrity sha512-9uACtuHs7vJGkm5Bp3xu4xRDLFTIYy5DgxpToVjqGIAhAEKwQfsaLvKINhM6nFVp6bZPRFGdDqd1g52MqKsotA==
  dependencies:
    "@vue/reactivity" "3.5.42"
    "@vue/shared" "3.5.42"

"@vue/runtime-dom@3.5.42":
  version "3.5.42"
  resolved "https://registry.npmmirror.com/@vue/runtime-dom/-/runtime-dom-3.5.42.tgz#c7b487a92b2c381db547c1aa5040bd7febb40448"
  integrity sha512-rsCmhiWLaRxGltLwhlCWyYkFn7WAbKRh0q17eZ1A6Dq6eqc2ACQ61IIryxz0LrsvCzHSilLA9JHovVwM8CNE2g==
  dependencies:
    "@vue/reactivity" "3.5.42"
    "@vue/runtime-core" "3.5.42"
    "@vue/shared" "3.5.42"
    csstype "^3.2.3"

"@vue/server-renderer@3.5.42":
  version "3.5.42"
  resolved "https://registry.npmmirror.com/@vue/server-renderer/-/server-renderer-3.5.42.tgz#27c3d4743273bf7e839fc5a5e2f7db25e8d779e8"
  integrity sha512-2++5dUyYS4gvo7xQXSECUDhB7TS0aOl5SeVfC5qSq1Jgfhjvegw1zqhwTIR3imZ+QYPJQw9gfcFvXGAjGZ7ajQ==
  dependencies:
    "@vue/compiler-ssr" "3.5.42"
    "@vue/runtime-dom" "3.5.42"
    "@vue/shared" "3.5.42"

"@vue/shared@3.5.42":
  version "3.5.42"
  resolved "https://registry.npmmirror.com/@vue/shared/-/shared-3.5.42.tgz#a413cf21262502662354cda3b65ab31bca979202"
  integrity sha512-2rPxex1jQf4jvl9MOHl6YaXCPcrNqz/FstMOEh3QWY+/OME9nQTvl9WYeCwhW7AFjaR0SnngZGlp/wkR6rkI6g==

csstype@^3.2.3:
  version "3.2.3"
  resolved "https://registry.npmmirror.com/csstype/-/csstype-3.2.3.tgz#ec48c0f3e993e50648c86da559e2610995cf989a"
  integrity sha512-z1HGKcYy2xA8AGQfwrn0PAy+PB7X/GSj3UVJW9qKyn43xWa+gl5nXmU4qqLMRzWVLFC8KusUX8T/0kCiOYpAIQ==

entities@^7.0.1:
  version "7.0.1"
  resolved "https://registry.npmmirror.com/entities/-/entities-7.0.1.tgz#26e8a88889db63417dcb9a1e79a3f1bc92b5976b"
  integrity sha512-TWrgLOFUQTH994YUyl1yT4uyavY5nNB5muff+RtWaqNVCAK408b5ZnnbNAUEWLTCpum9w6arT70i1XdQ4UeOPA==

esbuild@^0.25.0:
  version "0.25.12"
  resolved "https://registry.npmmirror.com/esbuild/-/esbuild-0.25.12.tgz#97a1d041f4ab00c2fce2f838d2b9969a2d2a97a5"
  integrity sha512-bbPBYYrtZbkt6Os6FiTLCTFxvq4tt3JKall1vRwshA3fdVztsLAatFaZobhkBC8/BrPetoa0oksYoKXoG4ryJg==
  optionalDependencies:
    "@esbuild/aix-ppc64" "0.25.12"
    "@esbuild/android-arm" "0.25.12"
    "@esbuild/android-arm64" "0.25.12"
    "@esbuild/android-x64" "0.25.12"
    "@esbuild/darwin-arm64" "0.25.12"
    "@esbuild/darwin-x64" "0.25.12"
    "@esbuild/freebsd-arm64" "0.25.12"
    "@esbuild/freebsd-x64" "0.25.12"
    "@esbuild/linux-arm" "0.25.12"
    "@esbuild/linux-arm64" "0.25.12"
    "@esbuild/linux-ia32" "0.25.12"
    "@esbuild/linux-loong64" "0.25.12"
    "@esbuild/linux-mips64el" "0.25.12"
    "@esbuild/linux-ppc64" "0.25.12"
    "@esbuild/linux-riscv64" "0.25.12"
    "@esbuild/linux-s390x" "0.25.12"
    "@esbuild/linux-x64" "0.25.12"
    "@esbuild/netbsd-arm64" "0.25.12"
    "@esbuild/netbsd-x64" "0.25.12"
    "@esbuild/openbsd-arm64" "0.25.12"
    "@esbuild/openbsd-x64" "0.25.12"
    "@esbuild/openharmony-arm64" "0.25.12"
    "@esbuild/sunos-x64" "0.25.12"
    "@esbuild/win32-arm64" "0.25.12"
    "@esbuild/win32-ia32" "0.25.12"
    "@esbuild/win32-x64" "0.25.12"

esbuild@~0.28.0:
  version "0.28.2"
  resolved "https://registry.npmmirror.com/esbuild/-/esbuild-0.28.2.tgz#0f43bd1bad955b72d24e2261e3abe5957ccf0816"
  integrity sha512-HKVLS8dvII+xoKW9kmqxbRKrnWEXfJJr/FZhhJmiqIB0e053QNYFqOBouTMO/k5sID4MvCiUCvv8b9M4h32wIA==
  optionalDependencies:
    "@esbuild/aix-ppc64" "0.28.2"
    "@esbuild/android-arm" "0.28.2"
    "@esbuild/android-arm64" "0.28.2"
    "@esbuild/android-x64" "0.28.2"
    "@esbuild/darwin-arm64" "0.28.2"
    "@esbuild/darwin-x64" "0.28.2"
    "@esbuild/freebsd-arm64" "0.28.2"
    "@esbuild/freebsd-x64" "0.28.2"
    "@esbuild/linux-arm" "0.28.2"
    "@esbuild/linux-arm64" "0.28.2"
    "@esbuild/linux-ia32" "0.28.2"
    "@esbuild/linux-loong64" "0.28.2"
    "@esbuild/linux-mips64el" "0.28.2"
    "@esbuild/linux-ppc64" "0.28.2"
    "@esbuild/linux-riscv64" "0.28.2"
    "@esbuild/linux-s390x" "0.28.2"
    "@esbuild/linux-x64" "0.28.2"
    "@esbuild/netbsd-arm64" "0.28.2"
    "@esbuild/netbsd-x64" "0.28.2"
    "@esbuild/openbsd-arm64" "0.28.2"
    "@esbuild/openbsd-x64" "0.28.2"
    "@esbuild/openharmony-arm64" "0.28.2"
    "@esbuild/sunos-x64" "0.28.2"
    "@esbuild/win32-arm64" "0.28.2"
    "@esbuild/win32-ia32" "0.28.2"
    "@esbuild/win32-x64" "0.28.2"

estree-walker@^2.0.2:
  version "2.0.2"
  resolved "https://registry.npmmirror.com/estree-walker/-/estree-walker-2.0.2.tgz#52f010178c2a4c117a7757cfe942adb7d2da4cac"
  integrity sha512-Rfkk/Mp/DL7JVje3u18FxFujQlTNR2q6QfMSMB7AvCBx91NGj/ba3kCfza0f6dVDbw7YlRf/nDrn7pQrCCyQ/w==

fdir@^6.4.4, fdir@^6.5.0:
  version "6.5.0"
  resolved "https://registry.npmmirror.com/fdir/-/fdir-6.5.0.tgz#ed2ab967a331ade62f18d077dae192684d50d350"
  integrity sha512-tIbYtZbucOs0BRGqPJkshJUYdL+SDH7dVM8gjy+ERp3WAUjLEFJE+02kanyHtwjWOnwrKYBiwAmM0p4kLJAnXg==

fflate@^0.8.3:
  version "0.8.3"
  resolved "https://registry.npmmirror.com/fflate/-/fflate-0.8.3.tgz#bc27d8eb30343d4d512abb03480202ce65d825fc"
  integrity sha512-tbZNuJrLwGUp3zshBtdy4W+ORxZuIh8a5ilyIEQDC5rY1f3U20JMry0Ll3WBzU58EZKsEuJFXhb5gwv8CsPvgA==

fsevents@~2.3.2, fsevents@~2.3.3:
  version "2.3.3"
  resolved "https://registry.npmmirror.com/fsevents/-/fsevents-2.3.3.tgz#cac6407785d03675a2a5e1a5305c697b347d90d6"
  integrity sha512-5xoDfX+fL7faATnagmWPpbFtwh/R77WmMMqqHGS65C3vvB0YHrgF+B1YmZ3441tMj5n63k0212XNoJwzlhffQw==

magic-string@^0.30.21:
  version "0.30.21"
  resolved "https://registry.npmmirror.com/magic-string/-/magic-string-0.30.21.tgz#56763ec09a0fa8091df27879fd94d19078c00d91"
  integrity sha512-vd2F4YUyEXKGcLHoq+TEyCjxueSeHnFxyyjNp80yg0XV4vUhnDer/lvvlqM/arB5bXQN5K2/3oinyCRyx8T2CQ==
  dependencies:
    "@jridgewell/sourcemap-codec" "^1.5.5"

nanoid@^3.3.18:
  version "3.3.18"
  resolved "https://registry.npmmirror.com/nanoid/-/nanoid-3.3.18.tgz#f66a2de1199ffde0fcf21c8a5f13106b1c081913"
  integrity sha512-DTg4MJbGMWkfi6VZFdNt2/caMbQy4Ou+Op/hJQvGEWcnVfoA1QA+xzRKAzw9jD6+GVOOeYr/mIcuDSdug6F6+w==

picocolors@^1.1.1:
  version "1.1.1"
  resolved "https://registry.npmmirror.com/picocolors/-/picocolors-1.1.1.tgz#3d321af3eab939b083c8f929a1d12cda81c26b6b"
  integrity sha512-xceH2snhtb5M9liqDsmEw56le376mTZkEX/jEb/RxNFyegNul7eNslCXP9FDj/Lcu0X8KEyMceP2ntpaHrDEVA==

picomatch@^4.0.2, picomatch@^4.0.4:
  version "4.0.7"
  resolved "https://registry.npmmirror.com/picomatch/-/picomatch-4.0.7.tgz#6313360034ccb36b3dc61ecbdff78121f90fe21f"
  integrity sha512-qcJu88Q2IWqJsDD529JKMdwGm/dvInW4HvQnRwiH9JtihJvzGOscDtHE3x1pBKeUOTysQ8kVmLnJ2kJu7yhcGA==

postcss@^8.5.19, postcss@^8.5.3:
  version "8.5.28"
  resolved "https://registry.npmmirror.com/postcss/-/postcss-8.5.28.tgz#da4563a99a06e62d6c1cd1acae363224bcaed6e9"
  integrity sha512-RRuzqDtt5Y9h3quz5hWhK+TPnsmVs6WwSU6LkJMeY4HstUEDuYTG8UJSdawMRzmzAtV+KEoG8N3Qg2qLy5vM/A==
  dependencies:
    nanoid "^3.3.18"
    picocolors "^1.1.1"
    source-map-js "^1.2.1"

property-graph@^1.3.1:
  version "1.3.1"
  resolved "https://registry.npmmirror.com/property-graph/-/property-graph-1.3.1.tgz#25fb2c8040ba9b15f04cda90a443f3f844505293"
  integrity sha512-gei3N/bHWJdCItJ4blnlGWd9iauEZI+JZYj/A0D177XSI01+QhiJGAVscYBhe3Yywow3A2QJzVtsO2P+UgrRRQ==

rollup@^4.34.9:
  version "4.63.1"
  resolved "https://registry.npmmirror.com/rollup/-/rollup-4.63.1.tgz#a9b96d5b2558d034babb12ad8b67a043bc870ac4"
  integrity sha512-3Df9jsstwhccuEfmAMi9l8XUh/GOkVObmFTU7CCVBysEbcOZLl84jCtaAZMcPiMz2EGKsATzQcU+Xr3n/wU6cg==
  dependencies:
    "@types/estree" "1.0.9"
  optionalDependencies:
    "@napi-rs/lzma-linux-x64-gnu" "1.5.1"
    "@rollup/rollup-android-arm-eabi" "4.63.1"
    "@rollup/rollup-android-arm64" "4.63.1"
    "@rollup/rollup-darwin-arm64" "4.63.1"
    "@rollup/rollup-darwin-x64" "4.63.1"
    "@rollup/rollup-freebsd-arm64" "4.63.1"
    "@rollup/rollup-freebsd-x64" "4.63.1"
    "@rollup/rollup-linux-arm-gnueabihf" "4.63.1"
    "@rollup/rollup-linux-arm-musleabihf" "4.63.1"
    "@rollup/rollup-linux-arm64-gnu" "4.63.1"
    "@rollup/rollup-linux-arm64-musl" "4.63.1"
    "@rollup/rollup-linux-loong64-gnu" "4.63.1"
    "@rollup/rollup-linux-loong64-musl" "4.63.1"
    "@rollup/rollup-linux-ppc64-gnu" "4.63.1"
    "@rollup/rollup-linux-ppc64-musl" "4.63.1"
    "@rollup/rollup-linux-riscv64-gnu" "4.63.1"
    "@rollup/rollup-linux-riscv64-musl" "4.63.1"
    "@rollup/rollup-linux-s390x-gnu" "4.63.1"
    "@rollup/rollup-linux-x64-gnu" "4.63.1"
    "@rollup/rollup-linux-x64-musl" "4.63.1"
    "@rollup/rollup-openbsd-x64" "4.63.1"
    "@rollup/rollup-openharmony-arm64" "4.63.1"
    "@rollup/rollup-win32-arm64-msvc" "4.63.1"
    "@rollup/rollup-win32-ia32-msvc" "4.63.1"
    "@rollup/rollup-win32-x64-gnu" "4.63.1"
    "@rollup/rollup-win32-x64-msvc" "4.63.1"
    fsevents "~2.3.2"

source-map-js@^1.2.1:
  version "1.2.1"
  resolved "https://registry.npmmirror.com/source-map-js/-/source-map-js-1.2.1.tgz#1ce5650fddd87abc099eda37dcff024c2667ae46"
  integrity sha512-UXWMKhLOwVKb728IUtQPXxfYU+usdybtUrK/8uGE8CQMvrhOpwvzDBwj0QhSL7MQc7vIsISBG8VQ8+IDQxpfQA==

three@^0.153.0:
  version "0.153.0"
  resolved "https://registry.npmmirror.com/three/-/three-0.153.0.tgz#d8f2aab7b49ae4ac947fd0e24cebec11378758f0"
  integrity sha512-OCP2/uQR6GcDpSLnJt/3a4mdS0kNWcbfUXIwLoEMgLzEUIVIYsSDwskpmOii/AkDM+BBwrl6+CKgrjX9+E2aWg==

tinyglobby@^0.2.13:
  version "0.2.17"
  resolved "https://registry.npmmirror.com/tinyglobby/-/tinyglobby-0.2.17.tgz#562a9a6c9eb2b3b123d39719f9af5bb44fcd7631"
  integrity sha512-wXR/dYpcqKmfWpEdZjiKJOwCNFndD0DMnrW/cYjVGttEkBfVgcLFHoNrlj47mjOVic9yyNu65alsgF4NQyTa2g==
  dependencies:
    fdir "^6.5.0"
    picomatch "^4.0.4"

tsx@^4.19.0:
  version "4.23.13"
  resolved "https://registry.npmmirror.com/tsx/-/tsx-4.23.13.tgz#393b8dd813d49e25aed7b1d7cbac6930da49ec08"
  integrity sha512-BL5MGkRln6aDYhb0xbQlEAGw743BaZYWdbWtdJOBriYJboKgUUYCadFp2/FpBBZquBC/ezNBn7wMMPx7FDZUDw==
  dependencies:
    esbuild "~0.28.0"
  optionalDependencies:
    fsevents "~2.3.3"

typescript@^5.7.2:
  version "5.9.3"
  resolved "https://registry.npmmirror.com/typescript/-/typescript-5.9.3.tgz#5b4f59e15310ab17a216f5d6cf53ee476ede670f"
  integrity sha512-jl1vZzPDinLr9eUt3J/t7V6FgNEw9QjvBPdysz9KfQDD41fQrC2Y4vKQdiaUpFT4bXlb1RHhLpp8wtm6M5TgSw==

vite@^6.0.3:
  version "6.4.3"
  resolved "https://registry.npmmirror.com/vite/-/vite-6.4.3.tgz#85a164db7ce706f2a776812efa2b340f1721858e"
  integrity sha512-NTKlcQjlAK7MlQoyb6LgaqHc8sso/pVyUJYWMws3jg21uTJw/LddqIFPcPqP6PzpgbIcZyKI85sFE4HBrQDA8A==
  dependencies:
    esbuild "^0.25.0"
    fdir "^6.4.4"
    picomatch "^4.0.2"
    postcss "^8.5.3"
    rollup "^4.34.9"
    tinyglobby "^0.2.13"
  optionalDependencies:
    fsevents "~2.3.3"

vue@^3.5.13:
  version "3.5.42"
  resolved "https://registry.npmmirror.com/vue/-/vue-3.5.42.tgz#6099e750a19c68a5c09f785808d5abb01558a3c1"
  integrity sha512-4RyHQTbQvOPs3MfvUO1Sg0YRrKNnA0mAVtvpd12Tg1fKDN7OHBUl1IqSn8zGJjK9nI3NkNp8cgTpVrSZC5TTcA==
  dependencies:
    "@vue/compiler-dom" "3.5.42"
    "@vue/compiler-sfc" "3.5.42"
    "@vue/runtime-dom" "3.5.42"
    "@vue/server-renderer" "3.5.42"
    "@vue/shared" "3.5.42"
